
Microsoft Visual Studio Solution File, Format Version 12.00
# Visual Studio Version 16
VisualStudioVersion = 16.0.29613.14
MinimumVisualStudioVersion = 10.0.40219.1
Project("{FAE04EC0-301F-11D3-BF4B-00C04F79EFBC}") = "Matrix", "Matrix\Matrix.csproj", "{728D2494-24AE-4FB6-92F2-7716E015FCDB}"
EndProject
Global
	GlobalSection(SolutionConfigurationPlatforms) = preSolution
		Debug|Any CPU = Debug|Any CPU
		Release|Any CPU = Release|Any CPU
	EndGlobalSection
	GlobalSection(ProjectConfigurationPlatforms) = postSolution
		{728D2494-24AE-4FB6-92F2-7716E015FCDB}.Debug|Any CPU.ActiveCfg = Debug|Any CPU
		{728D2494-24AE-4FB6-92F2-7716E015FCDB}.Debug|Any CPU.Build.0 = Debug|Any CPU
		{728D2494-24AE-4FB6-92F2-7716E015FCDB}.Release|Any CPU.ActiveCfg = Release|Any CPU
		{728D2494-24AE-4FB6-92F2-7716E015FCDB}.Release|Any CPU.Build.0 = Release|Any CPU
	EndGlobalSection
	GlobalSection(SolutionProperties) = preSolution
		HideSolutionNode = FALSE
	EndGlobalSection
	GlobalSection(ExtensibilityGlobals) = postSolution
		SolutionGuid = {3490C0D9-B08A-4F05-954B-3FE507B5692E}
	EndGlobalSection
EndGlobal
